// !$*UTF8*$!
{
	archiveVersion = 1;
	classes = {
	};
	objectVersion = 56;
	objects = {

/* Begin PBXBuildFile section */
		78BBB9462A45285B004015C7 /* CapstoneProjectApp.swift in Sources */ = {isa = PBXBuildFile; fileRef = 78BBB9452A45285B004015C7 /* CapstoneProjectApp.swift */; };
		78BBB94A2A45285C004015C7 /* Assets.xcassets in Resources */ = {isa = PBXBuildFile; fileRef = 78BBB9492A45285C004015C7 /* Assets.xcassets */; };
		78BBB94D2A45285C004015C7 /* Preview Assets.xcassets in Resources */ = {isa = PBXBuildFile; fileRef = 78BBB94C2A45285C004015C7 /* Preview Assets.xcassets */; };
		78BBB9592A452969004015C7 /* MainScreen.swift in Sources */ = {isa = PBXBuildFile; fileRef = 78BBB9582A452969004015C7 /* MainScreen.swift */; };
		78BBB95B2A452995004015C7 /* WeatherCard.swift in Sources */ = {isa = PBXBuildFile; fileRef = 78BBB95A2A452995004015C7 /* WeatherCard.swift */; };
		78BBB95D2A4529B6004015C7 /* DetailedView.swift in Sources */ = {isa = PBXBuildFile; fileRef = 78BBB95C2A4529B6004015C7 /* DetailedView.swift */; };
		78BBB95F2A4529DA004015C7 /* WeatherData.swift in Sources */ = {isa = PBXBuildFile; fileRef = 78BBB95E2A4529DA004015C7 /* WeatherData.swift */; };
		78BBB9622A452F61004015C7 /* Weather.json in Resources */ = {isa = PBXBuildFile; fileRef = 78BBB9612A452F61004015C7 /* Weather.json */; };
		78BBB9712A454C33004015C7 /* WeatherListViewModel.swift in Sources */ = {isa = PBXBuildFile; fileRef = 78BBB9702A454C33004015C7 /* WeatherListViewModel.swift */; };
		78BBB9732A454CC8004015C7 /* Extension.swift in Sources */ = {isa = PBXBuildFile; fileRef = 78BBB9722A454CC8004015C7 /* Extension.swift */; };
		78BBB9762A454D05004015C7 /* CustomSearchBar.swift in Sources */ = {isa = PBXBuildFile; fileRef = 78BBB9752A454D05004015C7 /* CustomSearchBar.swift */; };
		78BBB9782A454D21004015C7 /* CustomEditButton.swift in Sources */ = {isa = PBXBuildFile; fileRef = 78BBB9772A454D21004015C7 /* CustomEditButton.swift */; };
		78BBB97C2A456554004015C7 /* WeatherCardViewModel.swift in Sources */ = {isa = PBXBuildFile; fileRef = 78BBB97B2A456554004015C7 /* WeatherCardViewModel.swift */; };
/* End PBXBuildFile section */

/* Begin PBXFileReference section */
		78BBB9422A45285B004015C7 /* CapstoneProject.app */ = {isa = PBXFileReference; explicitFileType = wrapper.application; includeInIndex = 0; path = CapstoneProject.app; sourceTree = BUILT_PRODUCTS_DIR; };
		78BBB9452A45285B004015C7 /* CapstoneProjectApp.swift */ = {isa = PBXFileReference; lastKnownFileType = sourcecode.swift; path = CapstoneProjectApp.swift; sourceTree = "<group>"; };
		78BBB9492A45285C004015C7 /* Assets.xcassets */ = {isa = PBXFileReference; lastKnownFileType = folder.assetcatalog; path = Assets.xcassets; sourceTree = "<group>"; };
		78BBB94C2A45285C004015C7 /* Preview Assets.xcassets */ = {isa = PBXFileReference; lastKnownFileType = folder.assetcatalog; path = "Preview Assets.xcassets"; sourceTree = "<group>"; };
		78BBB9582A452969004015C7 /* MainScreen.swift */ = {isa = PBXFileReference; lastKnownFileType = sourcecode.swift; path = MainScreen.swift; sourceTree = "<group>"; };
		78BBB95A2A452995004015C7 /* WeatherCard.swift */ = {isa = PBXFileReference; lastKnownFileType = sourcecode.swift; path = WeatherCard.swift; sourceTree = "<group>"; };
		78BBB95C2A4529B6004015C7 /* DetailedView.swift */ = {isa = PBXFileReference; lastKnownFileType = sourcecode.swift; path = DetailedView.swift; sourceTree = "<group>"; };
		78BBB95E2A4529DA004015C7 /* WeatherData.swift */ = {isa = PBXFileReference; lastKnownFileType = sourcecode.swift; path = WeatherData.swift; sourceTree = "<group>"; };
		78BBB9612A452F61004015C7 /* Weather.json */ = {isa = PBXFileReference; fileEncoding = 4; lastKnownFileType = text.json; path = Weather.json; sourceTree = "<group>"; };
		78BBB9702A454C33004015C7 /* WeatherListViewModel.swift */ = {isa = PBXFileReference; lastKnownFileType = sourcecode.swift; path = WeatherListViewModel.swift; sourceTree = "<group>"; };
		78BBB9722A454CC8004015C7 /* Extension.swift */ = {isa = PBXFileReference; lastKnownFileType = sourcecode.swift; path = Extension.swift; sourceTree = "<group>"; };
		78BBB9752A454D05004015C7 /* CustomSearchBar.swift */ = {isa = PBXFileReference; lastKnownFileType = sourcecode.swift; path = CustomSearchBar.swift; sourceTree = "<group>"; };
		78BBB9772A454D21004015C7 /* CustomEditButton.swift */ = {isa = PBXFileReference; lastKnownFileType = sourcecode.swift; path = CustomEditButton.swift; sourceTree = "<group>"; };
		78BBB97B2A456554004015C7 /* WeatherCardViewModel.swift */ = {isa = PBXFileReference; lastKnownFileType = sourcecode.swift; path = WeatherCardViewModel.swift; sourceTree = "<group>"; };
/* End PBXFileReference section */

/* Begin PBXFrameworksBuildPhase section */
		78BBB93F2A45285B004015C7 /* Frameworks */ = {
			isa = PBXFrameworksBuildPhase;
			buildActionMask = 2147483647;
			files = (
			);
			runOnlyForDeploymentPostprocessing = 0;
		};
/* End PBXFrameworksBuildPhase section */

/* Begin PBXGroup section */
		78BBB9392A45285B004015C7 = {
			isa = PBXGroup;
			children = (
				78BBB9442A45285B004015C7 /* CapstoneProject */,
				78BBB9432A45285B004015C7 /* Products */,
			);
			sourceTree = "<group>";
		};
		78BBB9432A45285B004015C7 /* Products */ = {
			isa = PBXGroup;
			children = (
				78BBB9422A45285B004015C7 /* CapstoneProject.app */,
			);
			name = Products;
			sourceTree = "<group>";
		};
		78BBB9442A45285B004015C7 /* CapstoneProject */ = {
			isa = PBXGroup;
			children = (
				78BBB9452A45285B004015C7 /* CapstoneProjectApp.swift */,
				78BBB9562A45292D004015C7 /* Views */,
				78BBB9572A45293B004015C7 /* Models */,
				78BBB9542A45291C004015C7 /* Resources */,
				78BBB9532A4528E9004015C7 /* View Model */,
				78BBB9492A45285C004015C7 /* Assets.xcassets */,
				78BBB94B2A45285C004015C7 /* Preview Content */,
			);
			path = CapstoneProject;
			sourceTree = "<group>";
		};
		78BBB94B2A45285C004015C7 /* Preview Content */ = {
			isa = PBXGroup;
			children = (
				78BBB94C2A45285C004015C7 /* Preview Assets.xcassets */,
			);
			path = "Preview Content";
			sourceTree = "<group>";
		};
		78BBB9532A4528E9004015C7 /* View Model */ = {
			isa = PBXGroup;
			children = (
				78BBB9702A454C33004015C7 /* WeatherListViewModel.swift */,
				78BBB97B2A456554004015C7 /* WeatherCardViewModel.swift */,
			);
			path = "View Model";
			sourceTree = "<group>";
		};
		78BBB9542A45291C004015C7 /* Resources */ = {
			isa = PBXGroup;
			children = (
				78BBB9612A452F61004015C7 /* Weather.json */,
				78BBB9722A454CC8004015C7 /* Extension.swift */,
			);
			path = Resources;
			sourceTree = "<group>";
		};
		78BBB9562A45292D004015C7 /* Views */ = {
			isa = PBXGroup;
			children = (
				78BBB9742A454CEA004015C7 /* Components */,
				78BBB9582A452969004015C7 /* MainScreen.swift */,
				78BBB95A2A452995004015C7 /* WeatherCard.swift */,
				78BBB95C2A4529B6004015C7 /* DetailedView.swift */,
			);
			path = Views;
			sourceTree = "<group>";
		};
		78BBB9572A45293B004015C7 /* Models */ = {
			isa = PBXGroup;
			children = (
				78BBB95E2A4529DA004015C7 /* WeatherData.swift */,
			);
			path = Models;
			sourceTree = "<group>";
		};
		78BBB9742A454CEA004015C7 /* Components */ = {
			isa = PBXGroup;
			children = (
				78BBB9752A454D05004015C7 /* CustomSearchBar.swift */,
				78BBB9772A454D21004015C7 /* CustomEditButton.swift */,
			);
			path = Components;
			sourceTree = "<group>";
		};
/* End PBXGroup section */

/* Begin PBXNativeTarget section */
		78BBB9412A45285B004015C7 /* CapstoneProject */ = {
			isa = PBXNativeTarget;
			buildConfigurationList = 78BBB9502A45285C004015C7 /* Build configuration list for PBXNativeTarget "CapstoneProject" */;
			buildPhases = (
				78BBB93E2A45285B004015C7 /* Sources */,
				78BBB93F2A45285B004015C7 /* Frameworks */,
				78BBB9402A45285B004015C7 /* Resources */,
			);
			buildRules = (
			);
			dependencies = (
			);
			name = CapstoneProject;
			productName = CapstoneProject;
			productReference = 78BBB9422A45285B004015C7 /* CapstoneProject.app */;
			productType = "com.apple.product-type.application";
		};
/* End PBXNativeTarget section */

/* Begin PBXProject section */
		78BBB93A2A45285B004015C7 /* Project object */ = {
			isa = PBXProject;
			attributes = {
				BuildIndependentTargetsInParallel = 1;
				LastSwiftUpdateCheck = 1430;
				LastUpgradeCheck = 1430;
				TargetAttributes = {
					78BBB9412A45285B004015C7 = {
						CreatedOnToolsVersion = 14.3.1;
					};
				};
			};
			buildConfigurationList = 78BBB93D2A45285B004015C7 /* Build configuration list for PBXProject "CapstoneProject" */;
			compatibilityVersion = "Xcode 14.0";
			developmentRegion = en;
			hasScannedForEncodings = 0;
			knownRegions = (
				en,
				Base,
			);
			mainGroup = 78BBB9392A45285B004015C7;
			productRefGroup = 78BBB9432A45285B004015C7 /* Products */;
			projectDirPath = "";
			projectRoot = "";
			targets = (
				78BBB9412A45285B004015C7 /* CapstoneProject */,
			);
		};
/* End PBXProject section */

/* Begin PBXResourcesBuildPhase section */
		78BBB9402A45285B004015C7 /* Resources */ = {
			isa = PBXResourcesBuildPhase;
			buildActionMask = 2147483647;
			files = (
				78BBB94D2A45285C004015C7 /* Preview Assets.xcassets in Resources */,
				78BBB9622A452F61004015C7 /* Weather.json in Resources */,
				78BBB94A2A45285C004015C7 /* Assets.xcassets in Resources */,
			);
			runOnlyForDeploymentPostprocessing = 0;
		};
/* End PBXResourcesBuildPhase section */

/* Begin PBXSourcesBuildPhase section */
		78BBB93E2A45285B004015C7 /* Sources */ = {
			isa = PBXSourcesBuildPhase;
			buildActionMask = 2147483647;
			files = (
				78BBB9712A454C33004015C7 /* WeatherListViewModel.swift in Sources */,
				78BBB9592A452969004015C7 /* MainScreen.swift in Sources */,
				78BBB9782A454D21004015C7 /* CustomEditButton.swift in Sources */,
				78BBB95D2A4529B6004015C7 /* DetailedView.swift in Sources */,
				78BBB97C2A456554004015C7 /* WeatherCardViewModel.swift in Sources */,
				78BBB95B2A452995004015C7 /* WeatherCard.swift in Sources */,
				78BBB9762A454D05004015C7 /* CustomSearchBar.swift in Sources */,
				78BBB95F2A4529DA004015C7 /* WeatherData.swift in Sources */,
				78BBB9462A45285B004015C7 /* CapstoneProjectApp.swift in Sources */,
				78BBB9732A454CC8004015C7 /* Extension.swift in Sources */,
			);
			runOnlyForDeploymentPostprocessing = 0;
		};
/* End PBXSourcesBuildPhase section */

/* Begin XCBuildConfiguration section */
		78BBB94E2A45285C004015C7 /* Debug */ = {
			isa = XCBuildConfiguration;
			buildSettings = {
				ALWAYS_SEARCH_USER_PATHS = NO;
				CLANG_ANALYZER_NONNULL = YES;
				CLANG_ANALYZER_NUMBER_OBJECT_CONVERSION = YES_AGGRESSIVE;
				CLANG_CXX_LANGUAGE_STANDARD = "gnu++20";
				CLANG_ENABLE_MODULES = YES;
				CLANG_ENABLE_OBJC_ARC = YES;
				CLANG_ENABLE_OBJC_WEAK = YES;
				CLANG_WARN_BLOCK_CAPTURE_AUTORELEASING = YES;
				CLANG_WARN_BOOL_CONVERSION = YES;
				CLANG_WARN_COMMA = YES;
				CLANG_WARN_CONSTANT_CONVERSION = YES;
				CLANG_WARN_DEPRECATED_OBJC_IMPLEMENTATIONS = YES;
				CLANG_WARN_DIRECT_OBJC_ISA_USAGE = YES_ERROR;
				CLANG_WARN_DOCUMENTATION_COMMENTS = YES;
				CLANG_WARN_EMPTY_BODY = YES;
				CLANG_WARN_ENUM_CONVERSION = YES;
				CLANG_WARN_INFINITE_RECURSION = YES;
				CLANG_WARN_INT_CONVERSION = YES;
				CLANG_WARN_NON_LITERAL_NULL_CONVERSION = YES;
				CLANG_WARN_OBJC_IMPLICIT_RETAIN_SELF = YES;
				CLANG_WARN_OBJC_LITERAL_CONVERSION = YES;
				CLANG_WARN_OBJC_ROOT_CLASS = YES_ERROR;
				CLANG_WARN_QUOTED_INCLUDE_IN_FRAMEWORK_HEADER = YES;
				CLANG_WARN_RANGE_LOOP_ANALYSIS = YES;
				CLANG_WARN_STRICT_PROTOTYPES = YES;
				CLANG_WARN_SUSPICIOUS_MOVE = YES;
				CLANG_WARN_UNGUARDED_AVAILABILITY = YES_AGGRESSIVE;
				CLANG_WARN_UNREACHABLE_CODE = YES;
				CLANG_WARN__DUPLICATE_METHOD_MATCH = YES;
				COPY_PHASE_STRIP = NO;
				DEBUG_INFORMATION_FORMAT = dwarf;
				ENABLE_STRICT_OBJC_MSGSEND = YES;
				ENABLE_TESTABILITY = YES;
				GCC_C_LANGUAGE_STANDARD = gnu11;
				GCC_DYNAMIC_NO_PIC = NO;
				GCC_NO_COMMON_BLOCKS = YES;
				GCC_OPTIMIZATION_LEVEL = 0;
				GCC_PREPROCESSOR_DEFINITIONS = (
					"DEBUG=1",
					"$(inherited)",
				);
				GCC_WARN_64_TO_32_BIT_CONVERSION = YES;
				GCC_WARN_ABOUT_RETURN_TYPE = YES_ERROR;
				GCC_WARN_UNDECLARED_SELECTOR = YES;
				GCC_WARN_UNINITIALIZED_AUTOS = YES_AGGRESSIVE;
				GCC_WARN_UNUSED_FUNCTION = YES;
				GCC_WARN_UNUSED_VARIABLE = YES;
				IPHONEOS_DEPLOYMENT_TARGET = 16.4;
				MTL_ENABLE_DEBUG_INFO = INCLUDE_SOURCE;
				MTL_FAST_MATH = YES;
				ONLY_ACTIVE_ARCH = YES;
				SDKROOT = iphoneos;
				SWIFT_ACTIVE_COMPILATION_CONDITIONS = DEBUG;
				SWIFT_OPTIMIZATION_LEVEL = "-Onone";
			};
			name = Debug;
		};
		78BBB94F2A45285C004015C7 /* Release */ = {
			isa = XCBuildConfiguration;
			buildSettings = {
				ALWAYS_SEARCH_USER_PATHS = NO;
				CLANG_ANALYZER_NONNULL = YES;
				CLANG_ANALYZER_NUMBER_OBJECT_CONVERSION = YES_AGGRESSIVE;
				CLANG_CXX_LANGUAGE_STANDARD = "gnu++20";
				CLANG_ENABLE_MODULES = YES;
				CLANG_ENABLE_OBJC_ARC = YES;
				CLANG_ENABLE_OBJC_WEAK = YES;
				CLANG_WARN_BLOCK_CAPTURE_AUTORELEASING = YES;
				CLANG_WARN_BOOL_CONVERSION = YES;
				CLANG_WARN_COMMA = YES;
				CLANG_WARN_CONSTANT_CONVERSION = YES;
				CLANG_WARN_DEPRECATED_OBJC_IMPLEMENTATIONS = YES;
				CLANG_WARN_DIRECT_OBJC_ISA_USAGE = YES_ERROR;
				CLANG_WARN_DOCUMENTATION_COMMENTS = YES;
				CLANG_WARN_EMPTY_BODY = YES;
				CLANG_WARN_ENUM_CONVERSION = YES;
				CLANG_WARN_INFINITE_RECURSION = YES;
				CLANG_WARN_INT_CONVERSION = YES;
				CLANG_WARN_NON_LITERAL_NULL_CONVERSION = YES;
				CLANG_WARN_OBJC_IMPLICIT_RETAIN_SELF = YES;
				CLANG_WARN_OBJC_LITERAL_CONVERSION = YES;
				CLANG_WARN_OBJC_ROOT_CLASS = YES_ERROR;
				CLANG_WARN_QUOTED_INCLUDE_IN_FRAMEWORK_HEADER = YES;
				CLANG_WARN_RANGE_LOOP_ANALYSIS = YES;
				CLANG_WARN_STRICT_PROTOTYPES = YES;
				CLANG_WARN_SUSPICIOUS_MOVE = YES;
				CLANG_WARN_UNGUARDED_AVAILABILITY = YES_AGGRESSIVE;
				CLANG_WARN_UNREACHABLE_CODE = YES;
				CLANG_WARN__DUPLICATE_METHOD_MATCH = YES;
				COPY_PHASE_STRIP = NO;
				DEBUG_INFORMATION_FORMAT = "dwarf-with-dsym";
				ENABLE_NS_ASSERTIONS = NO;
				ENABLE_STRICT_OBJC_MSGSEND = YES;
				GCC_C_LANGUAGE_STANDARD = gnu11;
				GCC_NO_COMMON_BLOCKS = YES;
				GCC_WARN_64_TO_32_BIT_CONVERSION = YES;
				GCC_WARN_ABOUT_RETURN_TYPE = YES_ERROR;
				GCC_WARN_UNDECLARED_SELECTOR = YES;
				GCC_WARN_UNINITIALIZED_AUTOS = YES_AGGRESSIVE;
				GCC_WARN_UNUSED_FUNCTION = YES;
				GCC_WARN_UNUSED_VARIABLE = YES;
				IPHONEOS_DEPLOYMENT_TARGET = 16.4;
				MTL_ENABLE_DEBUG_INFO = NO;
				MTL_FAST_MATH = YES;
				SDKROOT = iphoneos;
				SWIFT_COMPILATION_MODE = wholemodule;
				SWIFT_OPTIMIZATION_LEVEL = "-O";
				VALIDATE_PRODUCT = YES;
			};
			name = Release;
		};
		78BBB9512A45285C004015C7 /* Debug */ = {
			isa = XCBuildConfiguration;
			buildSettings = {
				ASSETCATALOG_COMPILER_APPICON_NAME = AppIcon;
				ASSETCATALOG_COMPILER_GLOBAL_ACCENT_COLOR_NAME = AccentColor;
				CODE_SIGN_STYLE = Automatic;
				CURRENT_PROJECT_VERSION = 1;
				DEVELOPMENT_ASSET_PATHS = "\"CapstoneProject/Preview Content\"";
				ENABLE_PREVIEWS = YES;
				GENERATE_INFOPLIST_FILE = YES;
				INFOPLIST_KEY_UIApplicationSceneManifest_Generation = YES;
				INFOPLIST_KEY_UIApplicationSupportsIndirectInputEvents = YES;
				INFOPLIST_KEY_UILaunchScreen_Generation = YES;
				INFOPLIST_KEY_UISupportedInterfaceOrientations_iPad = "UIInterfaceOrientationPortrait UIInterfaceOrientationPortraitUpsideDown UIInterfaceOrientationLandscapeLeft UIInterfaceOrientationLandscapeRight";
				INFOPLIST_KEY_UISupportedInterfaceOrientations_iPhone = "UIInterfaceOrientationPortrait UIInterfaceOrientationLandscapeLeft UIInterfaceOrientationLandscapeRight";
				LD_RUNPATH_SEARCH_PATHS = (
					"$(inherited)",
					"@executable_path/Frameworks",
				);
				MARKETING_VERSION = 1.0;
				PRODUCT_BUNDLE_IDENTIFIER = com.rupali.CapstoneProject;
				PRODUCT_NAME = "$(TARGET_NAME)";
				SWIFT_EMIT_LOC_STRINGS = YES;
				SWIFT_VERSION = 5.0;
				TARGETED_DEVICE_FAMILY = "1,2";
			};
			name = Debug;
		};
		78BBB9522A45285C004015C7 /* Release */ = {
			isa = XCBuildConfiguration;
			buildSettings = {
				ASSETCATALOG_COMPILER_APPICON_NAME = AppIcon;
				ASSETCATALOG_COMPILER_GLOBAL_ACCENT_COLOR_NAME = AccentColor;
				CODE_SIGN_STYLE = Automatic;
				CURRENT_PROJECT_VERSION = 1;
				DEVELOPMENT_ASSET_PATHS = "\"CapstoneProject/Preview Content\"";
				ENABLE_PREVIEWS = YES;
				GENERATE_INFOPLIST_FILE = YES;
				INFOPLIST_KEY_UIApplicationSceneManifest_Generation = YES;
				INFOPLIST_KEY_UIApplicationSupportsIndirectInputEvents = YES;
				INFOPLIST_KEY_UILaunchScreen_Generation = YES;
				INFOPLIST_KEY_UISupportedInterfaceOrientations_iPad = "UIInterfaceOrientationPortrait UIInterfaceOrientationPortraitUpsideDown UIInterfaceOrientationLandscapeLeft UIInterfaceOrientationLandscapeRight";
				INFOPLIST_KEY_UISupportedInterfaceOrientations_iPhone = "UIInterfaceOrientationPortrait UIInterfaceOrientationLandscapeLeft UIInterfaceOrientationLandscapeRight";
				LD_RUNPATH_SEARCH_PATHS = (
					"$(inherited)",
					"@executable_path/Frameworks",
				);
				MARKETING_VERSION = 1.0;
				PRODUCT_BUNDLE_IDENTIFIER = com.rupali.CapstoneProject;
				PRODUCT_NAME = "$(TARGET_NAME)";
				SWIFT_EMIT_LOC_STRINGS = YES;
				SWIFT_VERSION = 5.0;
				TARGETED_DEVICE_FAMILY = "1,2";
			};
			name = Release;
		};
/* End XCBuildConfiguration section */

/* Begin XCConfigurationList section */
		78BBB93D2A45285B004015C7 /* Build configuration list for PBXProject "CapstoneProject" */ = {
			isa = XCConfigurationList;
			buildConfigurations = (
				78BBB94E2A45285C004015C7 /* Debug */,
				78BBB94F2A45285C004015C7 /* Release */,
			);
			defaultConfigurationIsVisible = 0;
			defaultConfigurationName = Release;
		};
		78BBB9502A45285C004015C7 /* Build configuration list for PBXNativeTarget "CapstoneProject" */ = {
			isa = XCConfigurationList;
			buildConfigurations = (
				78BBB9512A45285C004015C7 /* Debug */,
				78BBB9522A45285C004015C7 /* Release */,
			);
			defaultConfigurationIsVisible = 0;
			defaultConfigurationName = Release;
		};
/* End XCConfigurationList section */
	};
	rootObject = 78BBB93A2A45285B004015C7 /* Project object */;
}
